// !$*UTF8*$!
{
	archiveVersion = 1;
	classes = {
	};
	objectVersion = 55;
	objects = {

/* Begin PBXBuildFile section */
		80F7428528C3A2830063F381 /* ModernNewsAppApp.swift in Sources */ = {isa = PBXBuildFile; fileRef = 80F7428428C3A2830063F381 /* ModernNewsAppApp.swift */; };
		80F7428928C3A2840063F381 /* Assets.xcassets in Resources */ = {isa = PBXBuildFile; fileRef = 80F7428828C3A2840063F381 /* Assets.xcassets */; };
		80F7428C28C3A2840063F381 /* Preview Assets.xcassets in Resources */ = {isa = PBXBuildFile; fileRef = 80F7428B28C3A2840063F381 /* Preview Assets.xcassets */; };
		80F7429428C3A2E80063F381 /* HomeView.swift in Sources */ = {isa = PBXBuildFile; fileRef = 80F7429328C3A2E80063F381 /* HomeView.swift */; };
		80F7429728C3A4370063F381 /* NewsResponse.swift in Sources */ = {isa = PBXBuildFile; fileRef = 80F7429628C3A4370063F381 /* NewsResponse.swift */; };
		80F7429A28C3A55B0063F381 /* APIEndpoint.swift in Sources */ = {isa = PBXBuildFile; fileRef = 80F7429928C3A55B0063F381 /* APIEndpoint.swift */; };
		80F7429D28C3A98B0063F381 /* APIError.swift in Sources */ = {isa = PBXBuildFile; fileRef = 80F7429C28C3A98B0063F381 /* APIError.swift */; };
		80F742A028C3AAE00063F381 /* NewsService.swift in Sources */ = {isa = PBXBuildFile; fileRef = 80F7429F28C3AAE00063F381 /* NewsService.swift */; };
		80F742A328C3B03D0063F381 /* ResultState.swift in Sources */ = {isa = PBXBuildFile; fileRef = 80F742A228C3B03D0063F381 /* ResultState.swift */; };
		80F742A628C3B0830063F381 /* NewsViewModel.swift in Sources */ = {isa = PBXBuildFile; fileRef = 80F742A528C3B0830063F381 /* NewsViewModel.swift */; };
		80F742A928C3B5810063F381 /* URLImage in Frameworks */ = {isa = PBXBuildFile; productRef = 80F742A828C3B5810063F381 /* URLImage */; };
		80F742AB28C3B59B0063F381 /* ArticleView.swift in Sources */ = {isa = PBXBuildFile; fileRef = 80F742AA28C3B59B0063F381 /* ArticleView.swift */; };
		80F742AD28C4B7D80063F381 /* ErrorView.swift in Sources */ = {isa = PBXBuildFile; fileRef = 80F742AC28C4B7D80063F381 /* ErrorView.swift */; };
/* End PBXBuildFile section */

/* Begin PBXFileReference section */
		80F7428128C3A2830063F381 /* ModernNewsApp.app */ = {isa = PBXFileReference; explicitFileType = wrapper.application; includeInIndex = 0; path = ModernNewsApp.app; sourceTree = BUILT_PRODUCTS_DIR; };
		80F7428428C3A2830063F381 /* ModernNewsAppApp.swift */ = {isa = PBXFileReference; lastKnownFileType = sourcecode.swift; path = ModernNewsAppApp.swift; sourceTree = "<group>"; };
		80F7428828C3A2840063F381 /* Assets.xcassets */ = {isa = PBXFileReference; lastKnownFileType = folder.assetcatalog; path = Assets.xcassets; sourceTree = "<group>"; };
		80F7428B28C3A2840063F381 /* Preview Assets.xcassets */ = {isa = PBXFileReference; lastKnownFileType = folder.assetcatalog; path = "Preview Assets.xcassets"; sourceTree = "<group>"; };
		80F7429328C3A2E80063F381 /* HomeView.swift */ = {isa = PBXFileReference; lastKnownFileType = sourcecode.swift; path = HomeView.swift; sourceTree = "<group>"; };
		80F7429628C3A4370063F381 /* NewsResponse.swift */ = {isa = PBXFileReference; lastKnownFileType = sourcecode.swift; path = NewsResponse.swift; sourceTree = "<group>"; };
		80F7429928C3A55B0063F381 /* APIEndpoint.swift */ = {isa = PBXFileReference; lastKnownFileType = sourcecode.swift; path = APIEndpoint.swift; sourceTree = "<group>"; };
		80F7429C28C3A98B0063F381 /* APIError.swift */ = {isa = PBXFileReference; lastKnownFileType = sourcecode.swift; path = APIError.swift; sourceTree = "<group>"; };
		80F7429F28C3AAE00063F381 /* NewsService.swift */ = {isa = PBXFileReference; lastKnownFileType = sourcecode.swift; path = NewsService.swift; sourceTree = "<group>"; };
		80F742A228C3B03D0063F381 /* ResultState.swift */ = {isa = PBXFileReference; lastKnownFileType = sourcecode.swift; path = ResultState.swift; sourceTree = "<group>"; };
		80F742A528C3B0830063F381 /* NewsViewModel.swift */ = {isa = PBXFileReference; lastKnownFileType = sourcecode.swift; path = NewsViewModel.swift; sourceTree = "<group>"; };
		80F742AA28C3B59B0063F381 /* ArticleView.swift */ = {isa = PBXFileReference; lastKnownFileType = sourcecode.swift; path = ArticleView.swift; sourceTree = "<group>"; };
		80F742AC28C4B7D80063F381 /* ErrorView.swift */ = {isa = PBXFileReference; lastKnownFileType = sourcecode.swift; path = ErrorView.swift; sourceTree = "<group>"; };
/* End PBXFileReference section */

/* Begin PBXFrameworksBuildPhase section */
		80F7427E28C3A2830063F381 /* Frameworks */ = {
			isa = PBXFrameworksBuildPhase;
			buildActionMask = 2147483647;
			files = (
				80F742A928C3B5810063F381 /* URLImage in Frameworks */,
			);
			runOnlyForDeploymentPostprocessing = 0;
		};
/* End PBXFrameworksBuildPhase section */

/* Begin PBXGroup section */
		80F7427828C3A2830063F381 = {
			isa = PBXGroup;
			children = (
				80F7428328C3A2830063F381 /* ModernNewsApp */,
				80F7428228C3A2830063F381 /* Products */,
			);
			sourceTree = "<group>";
		};
		80F7428228C3A2830063F381 /* Products */ = {
			isa = PBXGroup;
			children = (
				80F7428128C3A2830063F381 /* ModernNewsApp.app */,
			);
			name = Products;
			sourceTree = "<group>";
		};
		80F7428328C3A2830063F381 /* ModernNewsApp */ = {
			isa = PBXGroup;
			children = (
				80F742A428C3B0750063F381 /* ViewModel */,
				80F742A128C3B02E0063F381 /* States */,
				80F7429E28C3AACE0063F381 /* Service */,
				80F7429B28C3A9830063F381 /* Error */,
				80F7429828C3A5460063F381 /* APIEndpoint */,
				80F7429528C3A4270063F381 /* Models */,
				80F7429228C3A2DD0063F381 /* Views */,
				80F7428428C3A2830063F381 /* ModernNewsAppApp.swift */,
				80F7428828C3A2840063F381 /* Assets.xcassets */,
				80F7428A28C3A2840063F381 /* Preview Content */,
			);
			path = ModernNewsApp;
			sourceTree = "<group>";
		};
		80F7428A28C3A2840063F381 /* Preview Content */ = {
			isa = PBXGroup;
			children = (
				80F7428B28C3A2840063F381 /* Preview Assets.xcassets */,
			);
			path = "Preview Content";
			sourceTree = "<group>";
		};
		80F7429228C3A2DD0063F381 /* Views */ = {
			isa = PBXGroup;
			children = (
				80F7429328C3A2E80063F381 /* HomeView.swift */,
				80F742AA28C3B59B0063F381 /* ArticleView.swift */,
				80F742AC28C4B7D80063F381 /* ErrorView.swift */,
			);
			path = Views;
			sourceTree = "<group>";
		};
		80F7429528C3A4270063F381 /* Models */ = {
			isa = PBXGroup;
			children = (
				80F7429628C3A4370063F381 /* NewsResponse.swift */,
			);
			path = Models;
			sourceTree = "<group>";
		};
		80F7429828C3A5460063F381 /* APIEndpoint */ = {
			isa = PBXGroup;
			children = (
				80F7429928C3A55B0063F381 /* APIEndpoint.swift */,
			);
			path = APIEndpoint;
			sourceTree = "<group>";
		};
		80F7429B28C3A9830063F381 /* Error */ = {
			isa = PBXGroup;
			children = (
				80F7429C28C3A98B0063F381 /* APIError.swift */,
			);
			path = Error;
			sourceTree = "<group>";
		};
		80F7429E28C3AACE0063F381 /* Service */ = {
			isa = PBXGroup;
			children = (
				80F7429F28C3AAE00063F381 /* NewsService.swift */,
			);
			path = Service;
			sourceTree = "<group>";
		};
		80F742A128C3B02E0063F381 /* States */ = {
			isa = PBXGroup;
			children = (
				80F742A228C3B03D0063F381 /* ResultState.swift */,
			);
			path = States;
			sourceTree = "<group>";
		};
		80F742A428C3B0750063F381 /* ViewModel */ = {
			isa = PBXGroup;
			children = (
				80F742A528C3B0830063F381 /* NewsViewModel.swift */,
			);
			path = ViewModel;
			sourceTree = "<group>";
		};
/* End PBXGroup section */

/* Begin PBXNativeTarget section */
		80F7428028C3A2830063F381 /* ModernNewsApp */ = {
			isa = PBXNativeTarget;
			buildConfigurationList = 80F7428F28C3A2840063F381 /* Build configuration list for PBXNativeTarget "ModernNewsApp" */;
			buildPhases = (
				80F7427D28C3A2830063F381 /* Sources */,
				80F7427E28C3A2830063F381 /* Frameworks */,
				80F7427F28C3A2830063F381 /* Resources */,
			);
			buildRules = (
			);
			dependencies = (
			);
			name = ModernNewsApp;
			packageProductDependencies = (
				80F742A828C3B5810063F381 /* URLImage */,
			);
			productName = ModernNewsApp;
			productReference = 80F7428128C3A2830063F381 /* ModernNewsApp.app */;
			productType = "com.apple.product-type.application";
		};
/* End PBXNativeTarget section */

/* Begin PBXProject section */
		80F7427928C3A2830063F381 /* Project object */ = {
			isa = PBXProject;
			attributes = {
				BuildIndependentTargetsInParallel = 1;
				LastSwiftUpdateCheck = 1340;
				LastUpgradeCheck = 1340;
				TargetAttributes = {
					80F7428028C3A2830063F381 = {
						CreatedOnToolsVersion = 13.4.1;
					};
				};
			};
			buildConfigurationList = 80F7427C28C3A2830063F381 /* Build configuration list for PBXProject "ModernNewsApp" */;
			compatibilityVersion = "Xcode 13.0";
			developmentRegion = en;
			hasScannedForEncodings = 0;
			knownRegions = (
				en,
				Base,
			);
			mainGroup = 80F7427828C3A2830063F381;
			packageReferences = (
				80F742A728C3B5810063F381 /* XCRemoteSwiftPackageReference "url-image" */,
			);
			productRefGroup = 80F7428228C3A2830063F381 /* Products */;
			projectDirPath = "";
			projectRoot = "";
			targets = (
				80F7428028C3A2830063F381 /* ModernNewsApp */,
			);
		};
/* End PBXProject section */

/* Begin PBXResourcesBuildPhase section */
		80F7427F28C3A2830063F381 /* Resources */ = {
			isa = PBXResourcesBuildPhase;
			buildActionMask = 2147483647;
			files = (
				80F7428C28C3A2840063F381 /* Preview Assets.xcassets in Resources */,
				80F7428928C3A2840063F381 /* Assets.xcassets in Resources */,
			);
			runOnlyForDeploymentPostprocessing = 0;
		};
/* End PBXResourcesBuildPhase section */

/* Begin PBXSourcesBuildPhase section */
		80F7427D28C3A2830063F381 /* Sources */ = {
			isa = PBXSourcesBuildPhase;
			buildActionMask = 2147483647;
			files = (
				80F742A328C3B03D0063F381 /* ResultState.swift in Sources */,
				80F742A028C3AAE00063F381 /* NewsService.swift in Sources */,
				80F7429428C3A2E80063F381 /* HomeView.swift in Sources */,
				80F7428528C3A2830063F381 /* ModernNewsAppApp.swift in Sources */,
				80F7429728C3A4370063F381 /* NewsResponse.swift in Sources */,
				80F742AD28C4B7D80063F381 /* ErrorView.swift in Sources */,
				80F7429D28C3A98B0063F381 /* APIError.swift in Sources */,
				80F7429A28C3A55B0063F381 /* APIEndpoint.swift in Sources */,
				80F742AB28C3B59B0063F381 /* ArticleView.swift in Sources */,
				80F742A628C3B0830063F381 /* NewsViewModel.swift in Sources */,
			);
			runOnlyForDeploymentPostprocessing = 0;
		};
/* End PBXSourcesBuildPhase section */

/* Begin XCBuildConfiguration section */
		80F7428D28C3A2840063F381 /* Debug */ = {
			isa = XCBuildConfiguration;
			buildSettings = {
				ALWAYS_SEARCH_USER_PATHS = NO;
				CLANG_ANALYZER_NONNULL = YES;
				CLANG_ANALYZER_NUMBER_OBJECT_CONVERSION = YES_AGGRESSIVE;
				CLANG_CXX_LANGUAGE_STANDARD = "gnu++17";
				CLANG_ENABLE_MODULES = YES;
				CLANG_ENABLE_OBJC_ARC = YES;
				CLANG_ENABLE_OBJC_WEAK = YES;
				CLANG_WARN_BLOCK_CAPTURE_AUTORELEASING = YES;
				CLANG_WARN_BOOL_CONVERSION = YES;
				CLANG_WARN_COMMA = YES;
				CLANG_WARN_CONSTANT_CONVERSION = YES;
				CLANG_WARN_DEPRECATED_OBJC_IMPLEMENTATIONS = YES;
				CLANG_WARN_DIRECT_OBJC_ISA_USAGE = YES_ERROR;
				CLANG_WARN_DOCUMENTATION_COMMENTS = YES;
				CLANG_WARN_EMPTY_BODY = YES;
				CLANG_WARN_ENUM_CONVERSION = YES;
				CLANG_WARN_INFINITE_RECURSION = YES;
				CLANG_WARN_INT_CONVERSION = YES;
				CLANG_WARN_NON_LITERAL_NULL_CONVERSION = YES;
				CLANG_WARN_OBJC_IMPLICIT_RETAIN_SELF = YES;
				CLANG_WARN_OBJC_LITERAL_CONVERSION = YES;
				CLANG_WARN_OBJC_ROOT_CLASS = YES_ERROR;
				CLANG_WARN_QUOTED_INCLUDE_IN_FRAMEWORK_HEADER = YES;
				CLANG_WARN_RANGE_LOOP_ANALYSIS = YES;
				CLANG_WARN_STRICT_PROTOTYPES = YES;
				CLANG_WARN_SUSPICIOUS_MOVE = YES;
				CLANG_WARN_UNGUARDED_AVAILABILITY = YES_AGGRESSIVE;
				CLANG_WARN_UNREACHABLE_CODE = YES;
				CLANG_WARN__DUPLICATE_METHOD_MATCH = YES;
				COPY_PHASE_STRIP = NO;
				DEBUG_INFORMATION_FORMAT = dwarf;
				ENABLE_STRICT_OBJC_MSGSEND = YES;
				ENABLE_TESTABILITY = YES;
				GCC_C_LANGUAGE_STANDARD = gnu11;
				GCC_DYNAMIC_NO_PIC = NO;
				GCC_NO_COMMON_BLOCKS = YES;
				GCC_OPTIMIZATION_LEVEL = 0;
				GCC_PREPROCESSOR_DEFINITIONS = (
					"DEBUG=1",
					"$(inherited)",
				);
				GCC_WARN_64_TO_32_BIT_CONVERSION = YES;
				GCC_WARN_ABOUT_RETURN_TYPE = YES_ERROR;
				GCC_WARN_UNDECLARED_SELECTOR = YES;
				GCC_WARN_UNINITIALIZED_AUTOS = YES_AGGRESSIVE;
				GCC_WARN_UNUSED_FUNCTION = YES;
				GCC_WARN_UNUSED_VARIABLE = YES;
				IPHONEOS_DEPLOYMENT_TARGET = 15.5;
				MTL_ENABLE_DEBUG_INFO = INCLUDE_SOURCE;
				MTL_FAST_MATH = YES;
				ONLY_ACTIVE_ARCH = YES;
				SDKROOT = iphoneos;
				SWIFT_ACTIVE_COMPILATION_CONDITIONS = DEBUG;
				SWIFT_OPTIMIZATION_LEVEL = "-Onone";
			};
			name = Debug;
		};
		80F7428E28C3A2840063F381 /* Release */ = {
			isa = XCBuildConfiguration;
			buildSettings = {
				ALWAYS_SEARCH_USER_PATHS = NO;
				CLANG_ANALYZER_NONNULL = YES;
				CLANG_ANALYZER_NUMBER_OBJECT_CONVERSION = YES_AGGRESSIVE;
				CLANG_CXX_LANGUAGE_STANDARD = "gnu++17";
				CLANG_ENABLE_MODULES = YES;
				CLANG_ENABLE_OBJC_ARC = YES;
				CLANG_ENABLE_OBJC_WEAK = YES;
				CLANG_WARN_BLOCK_CAPTURE_AUTORELEASING = YES;
				CLANG_WARN_BOOL_CONVERSION = YES;
				CLANG_WARN_COMMA = YES;
				CLANG_WARN_CONSTANT_CONVERSION = YES;
				CLANG_WARN_DEPRECATED_OBJC_IMPLEMENTATIONS = YES;
				CLANG_WARN_DIRECT_OBJC_ISA_USAGE = YES_ERROR;
				CLANG_WARN_DOCUMENTATION_COMMENTS = YES;
				CLANG_WARN_EMPTY_BODY = YES;
				CLANG_WARN_ENUM_CONVERSION = YES;
				CLANG_WARN_INFINITE_RECURSION = YES;
				CLANG_WARN_INT_CONVERSION = YES;
				CLANG_WARN_NON_LITERAL_NULL_CONVERSION = YES;
				CLANG_WARN_OBJC_IMPLICIT_RETAIN_SELF = YES;
				CLANG_WARN_OBJC_LITERAL_CONVERSION = YES;
				CLANG_WARN_OBJC_ROOT_CLASS = YES_ERROR;
				CLANG_WARN_QUOTED_INCLUDE_IN_FRAMEWORK_HEADER = YES;
				CLANG_WARN_RANGE_LOOP_ANALYSIS = YES;
				CLANG_WARN_STRICT_PROTOTYPES = YES;
				CLANG_WARN_SUSPICIOUS_MOVE = YES;
				CLANG_WARN_UNGUARDED_AVAILABILITY = YES_AGGRESSIVE;
				CLANG_WARN_UNREACHABLE_CODE = YES;
				CLANG_WARN__DUPLICATE_METHOD_MATCH = YES;
				COPY_PHASE_STRIP = NO;
				DEBUG_INFORMATION_FORMAT = "dwarf-with-dsym";
				ENABLE_NS_ASSERTIONS = NO;
				ENABLE_STRICT_OBJC_MSGSEND = YES;
				GCC_C_LANGUAGE_STANDARD = gnu11;
				GCC_NO_COMMON_BLOCKS = YES;
				GCC_WARN_64_TO_32_BIT_CONVERSION = YES;
				GCC_WARN_ABOUT_RETURN_TYPE = YES_ERROR;
				GCC_WARN_UNDECLARED_SELECTOR = YES;
				GCC_WARN_UNINITIALIZED_AUTOS = YES_AGGRESSIVE;
				GCC_WARN_UNUSED_FUNCTION = YES;
				GCC_WARN_UNUSED_VARIABLE = YES;
				IPHONEOS_DEPLOYMENT_TARGET = 15.5;
				MTL_ENABLE_DEBUG_INFO = NO;
				MTL_FAST_MATH = YES;
				SDKROOT = iphoneos;
				SWIFT_COMPILATION_MODE = wholemodule;
				SWIFT_OPTIMIZATION_LEVEL = "-O";
				VALIDATE_PRODUCT = YES;
			};
			name = Release;
		};
		80F7429028C3A2840063F381 /* Debug */ = {
			isa = XCBuildConfiguration;
			buildSettings = {
				ASSETCATALOG_COMPILER_APPICON_NAME = AppIcon;
				ASSETCATALOG_COMPILER_GLOBAL_ACCENT_COLOR_NAME = AccentColor;
				CODE_SIGN_STYLE = Automatic;
				CURRENT_PROJECT_VERSION = 1;
				DEVELOPMENT_ASSET_PATHS = "\"ModernNewsApp/Preview Content\"";
				DEVELOPMENT_TEAM = NMCVZ8F7S5;
				ENABLE_PREVIEWS = YES;
				GENERATE_INFOPLIST_FILE = YES;
				INFOPLIST_KEY_UIApplicationSceneManifest_Generation = YES;
				INFOPLIST_KEY_UIApplicationSupportsIndirectInputEvents = YES;
				INFOPLIST_KEY_UILaunchScreen_Generation = YES;
				INFOPLIST_KEY_UISupportedInterfaceOrientations_iPad = "UIInterfaceOrientationPortrait UIInterfaceOrientationPortraitUpsideDown UIInterfaceOrientationLandscapeLeft UIInterfaceOrientationLandscapeRight";
				INFOPLIST_KEY_UISupportedInterfaceOrientations_iPhone = "UIInterfaceOrientationPortrait UIInterfaceOrientationLandscapeLeft UIInterfaceOrientationLandscapeRight";
				LD_RUNPATH_SEARCH_PATHS = (
					"$(inherited)",
					"@executable_path/Frameworks",
				);
				MARKETING_VERSION = 1.0;
				PRODUCT_BUNDLE_IDENTIFIER = com.emredegirmenci.ModernNewsApp;
				PRODUCT_NAME = "$(TARGET_NAME)";
				SWIFT_EMIT_LOC_STRINGS = YES;
				SWIFT_VERSION = 5.0;
				TARGETED_DEVICE_FAMILY = "1,2";
			};
			name = Debug;
		};
		80F7429128C3A2840063F381 /* Release */ = {
			isa = XCBuildConfiguration;
			buildSettings = {
				ASSETCATALOG_COMPILER_APPICON_NAME = AppIcon;
				ASSETCATALOG_COMPILER_GLOBAL_ACCENT_COLOR_NAME = AccentColor;
				CODE_SIGN_STYLE = Automatic;
				CURRENT_PROJECT_VERSION = 1;
				DEVELOPMENT_ASSET_PATHS = "\"ModernNewsApp/Preview Content\"";
				DEVELOPMENT_TEAM = NMCVZ8F7S5;
				ENABLE_PREVIEWS = YES;
				GENERATE_INFOPLIST_FILE = YES;
				INFOPLIST_KEY_UIApplicationSceneManifest_Generation = YES;
				INFOPLIST_KEY_UIApplicationSupportsIndirectInputEvents = YES;
				INFOPLIST_KEY_UILaunchScreen_Generation = YES;
				INFOPLIST_KEY_UISupportedInterfaceOrientations_iPad = "UIInterfaceOrientationPortrait UIInterfaceOrientationPortraitUpsideDown UIInterfaceOrientationLandscapeLeft UIInterfaceOrientationLandscapeRight";
				INFOPLIST_KEY_UISupportedInterfaceOrientations_iPhone = "UIInterfaceOrientationPortrait UIInterfaceOrientationLandscapeLeft UIInterfaceOrientationLandscapeRight";
				LD_RUNPATH_SEARCH_PATHS = (
					"$(inherited)",
					"@executable_path/Frameworks",
				);
				MARKETING_VERSION = 1.0;
				PRODUCT_BUNDLE_IDENTIFIER = com.emredegirmenci.ModernNewsApp;
				PRODUCT_NAME = "$(TARGET_NAME)";
				SWIFT_EMIT_LOC_STRINGS = YES;
				SWIFT_VERSION = 5.0;
				TARGETED_DEVICE_FAMILY = "1,2";
			};
			name = Release;
		};
/* End XCBuildConfiguration section */

/* Begin XCConfigurationList section */
		80F7427C28C3A2830063F381 /* Build configuration list for PBXProject "ModernNewsApp" */ = {
			isa = XCConfigurationList;
			buildConfigurations = (
				80F7428D28C3A2840063F381 /* Debug */,
				80F7428E28C3A2840063F381 /* Release */,
			);
			defaultConfigurationIsVisible = 0;
			defaultConfigurationName = Release;
		};
		80F7428F28C3A2840063F381 /* Build configuration list for PBXNativeTarget "ModernNewsApp" */ = {
			isa = XCConfigurationList;
			buildConfigurations = (
				80F7429028C3A2840063F381 /* Debug */,
				80F7429128C3A2840063F381 /* Release */,
			);
			defaultConfigurationIsVisible = 0;
			defaultConfigurationName = Release;
		};
/* End XCConfigurationList section */

/* Begin XCRemoteSwiftPackageReference section */
		80F742A728C3B5810063F381 /* XCRemoteSwiftPackageReference "url-image" */ = {
			isa = XCRemoteSwiftPackageReference;
			repositoryURL = "https://github.com/dmytro-anokhin/url-image";
			requirement = {
				kind = upToNextMajorVersion;
				minimumVersion = 3.0.0;
			};
		};
/* End XCRemoteSwiftPackageReference section */

/* Begin XCSwiftPackageProductDependency section */
		80F742A828C3B5810063F381 /* URLImage */ = {
			isa = XCSwiftPackageProductDependency;
			package = 80F742A728C3B5810063F381 /* XCRemoteSwiftPackageReference "url-image" */;
			productName = URLImage;
		};
/* End XCSwiftPackageProductDependency section */
	};
	rootObject = 80F7427928C3A2830063F381 /* Project object */;
}
